
Microsoft Visual Studio Solution File, Format Version 12.00
# Visual Studio 15
VisualStudioVersion = 15.0.26430.16
MinimumVisualStudioVersion = 10.0.40219.1
Project("{9A19103F-16F7-4668-BE54-9A1E7A4F7556}") = "libPSO", "libPSO\libPSO.csproj", "{94855D82-AB4B-434B-937B-4FBCCE7BBDB2}"
EndProject
Project("{FAE04EC0-301F-11D3-BF4B-00C04F79EFBC}") = "PSOTester", "PSOTester\PSOTester.csproj", "{9740236D-408D-4DAA-839B-8FC636B53E7D}"
EndProject
Project("{FAE04EC0-301F-11D3-BF4B-00C04F79EFBC}") = "PSOPlot", "PSOPlot\PSOPlot.csproj", "{236D34CA-7A62-4DF4-90FC-61F237B5B4D8}"
EndProject
Project("{FAE04EC0-301F-11D3-BF4B-00C04F79EFBC}") = "libOptimTests", "libOptimTests\libOptimTests.csproj", "{7E8380BB-7476-4A36-800E-7BA524D36717}"
EndProject
Global
	GlobalSection(SolutionConfigurationPlatforms) = preSolution
		Debug|Any CPU = Debug|Any CPU
		Release|Any CPU = Release|Any CPU
	EndGlobalSection
	GlobalSection(ProjectConfigurationPlatforms) = postSolution
		{94855D82-AB4B-434B-937B-4FBCCE7BBDB2}.Debug|Any CPU.ActiveCfg = Debug|Any CPU
		{94855D82-AB4B-434B-937B-4FBCCE7BBDB2}.Debug|Any CPU.Build.0 = Debug|Any CPU
		{94855D82-AB4B-434B-937B-4FBCCE7BBDB2}.Release|Any CPU.ActiveCfg = Release|Any CPU
		{94855D82-AB4B-434B-937B-4FBCCE7BBDB2}.Release|Any CPU.Build.0 = Release|Any CPU
		{9740236D-408D-4DAA-839B-8FC636B53E7D}.Debug|Any CPU.ActiveCfg = Debug|Any CPU
		{9740236D-408D-4DAA-839B-8FC636B53E7D}.Debug|Any CPU.Build.0 = Debug|Any CPU
		{9740236D-408D-4DAA-839B-8FC636B53E7D}.Release|Any CPU.ActiveCfg = Release|Any CPU
		{9740236D-408D-4DAA-839B-8FC636B53E7D}.Release|Any CPU.Build.0 = Release|Any CPU
		{236D34CA-7A62-4DF4-90FC-61F237B5B4D8}.Debug|Any CPU.ActiveCfg = Debug|Any CPU
		{236D34CA-7A62-4DF4-90FC-61F237B5B4D8}.Debug|Any CPU.Build.0 = Debug|Any CPU
		{236D34CA-7A62-4DF4-90FC-61F237B5B4D8}.Release|Any CPU.ActiveCfg = Release|Any CPU
		{236D34CA-7A62-4DF4-90FC-61F237B5B4D8}.Release|Any CPU.Build.0 = Release|Any CPU
		{7E8380BB-7476-4A36-800E-7BA524D36717}.Debug|Any CPU.ActiveCfg = Debug|Any CPU
		{7E8380BB-7476-4A36-800E-7BA524D36717}.Debug|Any CPU.Build.0 = Debug|Any CPU
		{7E8380BB-7476-4A36-800E-7BA524D36717}.Release|Any CPU.ActiveCfg = Release|Any CPU
		{7E8380BB-7476-4A36-800E-7BA524D36717}.Release|Any CPU.Build.0 = Release|Any CPU
	EndGlobalSection
	GlobalSection(SolutionProperties) = preSolution
		HideSolutionNode = FALSE
	EndGlobalSection
EndGlobal
